{
  "name": "api",
  "version": "1.0.0",
  "lockfileVersion": 2,
  "requires": true,
  "packages": {
    "": {
      "name": "api",
      "version": "1.0.0",
      "license": "UNLICENSED",
      "dependencies": {
        "zod": "3.20.0-beta.0"
      }
    },
    "../model": {
      "name": "@shared/model",
      "version": "1.0.0",
      "extraneous": true
    },
    "node_modules/zod": {
      "version": "3.20.0-beta.0",
      "resolved": "https://registry.npmjs.org/zod/-/zod-3.20.0-beta.0.tgz",
      "integrity": "sha512-f3tzkrcUzmZi8Rsy0dS5BZJMahnMN1uR0a25du3xBH43kmVnSU6GBtuYSWu4aFPMh847GPUeoOoVARK5hj/rDw==",
      "funding": {
        "url": "https://github.com/sponsors/colinhacks"
      }
    }
  },
  "dependencies": {
    "zod": {
      "version": "3.20.0-beta.0",
      "resolved": "https://registry.npmjs.org/zod/-/zod-3.20.0-beta.0.tgz",
      "integrity": "sha512-f3tzkrcUzmZi8Rsy0dS5BZJMahnMN1uR0a25du3xBH43kmVnSU6GBtuYSWu4aFPMh847GPUeoOoVARK5hj/rDw=="
    }
  }
}
